
Microsoft Visual Studio Solution File, Format Version 12.00
# Visual Studio Version 17
VisualStudioVersion = 17.3.32929.385
MinimumVisualStudioVersion = 10.0.40219.1
Project("{FAE04EC0-301F-11D3-BF4B-00C04F79EFBC}") = "ImageViewer", "ImageViewer\ImageViewer.csproj", "{2C5A648D-4050-4583-B80B-06E2369132FC}"
EndProject
Global
	GlobalSection(SolutionConfigurationPlatforms) = preSolution
		Debug|Any CPU = Debug|Any CPU
		Release|Any CPU = Release|Any CPU
	EndGlobalSection
	GlobalSection(ProjectConfigurationPlatforms) = postSolution
		{2C5A648D-4050-4583-B80B-06E2369132FC}.Debug|Any CPU.ActiveCfg = Debug|Any CPU
		{2C5A648D-4050-4583-B80B-06E2369132FC}.Debug|Any CPU.Build.0 = Debug|Any CPU
		{2C5A648D-4050-4583-B80B-06E2369132FC}.Release|Any CPU.ActiveCfg = Release|Any CPU
		{2C5A648D-4050-4583-B80B-06E2369132FC}.Release|Any CPU.Build.0 = Release|Any CPU
	EndGlobalSection
	GlobalSection(SolutionProperties) = preSolution
		HideSolutionNode = FALSE
	EndGlobalSection
	GlobalSection(ExtensibilityGlobals) = postSolution
		SolutionGuid = {2B855BEA-88B9-45B0-ACDE-6E54AB264710}
	EndGlobalSection
EndGlobal
